
Microsoft Visual Studio Solution File, Format Version 12.00
# Visual Studio Version 17
VisualStudioVersion = 17.4.33403.182
MinimumVisualStudioVersion = 10.0.40219.1
Project("{FAE04EC0-301F-11D3-BF4B-00C04F79EFBC}") = "Lab2", "Lab2\Lab2.csproj", "{47448565-A8BE-4E01-975C-892A5A5FAEA8}"
EndProject
Global
	GlobalSection(SolutionConfigurationPlatforms) = preSolution
		Debug|Any CPU = Debug|Any CPU
		Release|Any CPU = Release|Any CPU
	EndGlobalSection
	GlobalSection(ProjectConfigurationPlatforms) = postSolution
		{47448565-A8BE-4E01-975C-892A5A5FAEA8}.Debug|Any CPU.ActiveCfg = Debug|Any CPU
		{47448565-A8BE-4E01-975C-892A5A5FAEA8}.Debug|Any CPU.Build.0 = Debug|Any CPU
		{47448565-A8BE-4E01-975C-892A5A5FAEA8}.Release|Any CPU.ActiveCfg = Release|Any CPU
		{47448565-A8BE-4E01-975C-892A5A5FAEA8}.Release|Any CPU.Build.0 = Release|Any CPU
	EndGlobalSection
	GlobalSection(SolutionProperties) = preSolution
		HideSolutionNode = FALSE
	EndGlobalSection
	GlobalSection(ExtensibilityGlobals) = postSolution
		SolutionGuid = {6CEF2FF3-DAB7-415D-A3A7-E6695BB69A5C}
	EndGlobalSection
EndGlobal
